// !$*UTF8*$!
{
	archiveVersion = 1;
	classes = {
	};
	objectVersion = 51;
	objects = {

/* Begin PBXBuildFile section */
		244DA4D5ABE446A4D52FC8B0 /* Pods_tic_tac_toe_game.framework in Frameworks */ = {isa = PBXBuildFile; fileRef = AC46191A7CBF34CBE6F94722 /* Pods_tic_tac_toe_game.framework */; };
		7416D45724E91313007EBE2F /* Player.swift in Sources */ = {isa = PBXBuildFile; fileRef = 7416D45624E91313007EBE2F /* Player.swift */; };
		7416D45A24E9400C007EBE2F /* Background.swift in Sources */ = {isa = PBXBuildFile; fileRef = 7416D45924E9400C007EBE2F /* Background.swift */; };
		7416D45C24EACA5C007EBE2F /* CustomButton.swift in Sources */ = {isa = PBXBuildFile; fileRef = 7416D45B24EACA5C007EBE2F /* CustomButton.swift */; };
		7416D45E24EAD458007EBE2F /* CustomTextFeild.swift in Sources */ = {isa = PBXBuildFile; fileRef = 7416D45D24EAD458007EBE2F /* CustomTextFeild.swift */; };
		746B978224E68AED005CDA57 /* AppDelegate.swift in Sources */ = {isa = PBXBuildFile; fileRef = 746B978124E68AED005CDA57 /* AppDelegate.swift */; };
		746B978424E68AED005CDA57 /* SceneDelegate.swift in Sources */ = {isa = PBXBuildFile; fileRef = 746B978324E68AED005CDA57 /* SceneDelegate.swift */; };
		746B978924E68AED005CDA57 /* Main.storyboard in Resources */ = {isa = PBXBuildFile; fileRef = 746B978724E68AED005CDA57 /* Main.storyboard */; };
		746B978B24E68AF2005CDA57 /* Assets.xcassets in Resources */ = {isa = PBXBuildFile; fileRef = 746B978A24E68AF2005CDA57 /* Assets.xcassets */; };
		746B978E24E68AF2005CDA57 /* LaunchScreen.storyboard in Resources */ = {isa = PBXBuildFile; fileRef = 746B978C24E68AF2005CDA57 /* LaunchScreen.storyboard */; };
		746B979624E6B0CC005CDA57 /* GoogleService-Info.plist in Resources */ = {isa = PBXBuildFile; fileRef = 746B979524E6B0CC005CDA57 /* GoogleService-Info.plist */; };
		74DAD12D24E7774900717FFA /* Constants.swift in Sources */ = {isa = PBXBuildFile; fileRef = 74DAD12C24E7774900717FFA /* Constants.swift */; };
		74DAD13224E7D58C00717FFA /* MenuViewController.swift in Sources */ = {isa = PBXBuildFile; fileRef = 74DAD13124E7D58C00717FFA /* MenuViewController.swift */; };
		74DAD13424E7D62900717FFA /* LoginViewController.swift in Sources */ = {isa = PBXBuildFile; fileRef = 74DAD13324E7D62900717FFA /* LoginViewController.swift */; };
		74DAD13624E7D63900717FFA /* RegisterViewController.swift in Sources */ = {isa = PBXBuildFile; fileRef = 74DAD13524E7D63900717FFA /* RegisterViewController.swift */; };
		74DAD13824E7D64B00717FFA /* HomeViewController.swift in Sources */ = {isa = PBXBuildFile; fileRef = 74DAD13724E7D64B00717FFA /* HomeViewController.swift */; };
		74DAD13A24E7D65E00717FFA /* GameScreenViewController.swift in Sources */ = {isa = PBXBuildFile; fileRef = 74DAD13924E7D65E00717FFA /* GameScreenViewController.swift */; };
/* End PBXBuildFile section */

/* Begin PBXFileReference section */
		3A693D95521DF83B0C02BCEE /* Pods-tic-tac-toe game.debug.xcconfig */ = {isa = PBXFileReference; includeInIndex = 1; lastKnownFileType = text.xcconfig; name = "Pods-tic-tac-toe game.debug.xcconfig"; path = "Target Support Files/Pods-tic-tac-toe game/Pods-tic-tac-toe game.debug.xcconfig"; sourceTree = "<group>"; };
		7416D45624E91313007EBE2F /* Player.swift */ = {isa = PBXFileReference; lastKnownFileType = sourcecode.swift; path = Player.swift; sourceTree = "<group>"; };
		7416D45924E9400C007EBE2F /* Background.swift */ = {isa = PBXFileReference; lastKnownFileType = sourcecode.swift; path = Background.swift; sourceTree = "<group>"; };
		7416D45B24EACA5C007EBE2F /* CustomButton.swift */ = {isa = PBXFileReference; lastKnownFileType = sourcecode.swift; path = CustomButton.swift; sourceTree = "<group>"; };
		7416D45D24EAD458007EBE2F /* CustomTextFeild.swift */ = {isa = PBXFileReference; lastKnownFileType = sourcecode.swift; path = CustomTextFeild.swift; sourceTree = "<group>"; };
		746B977E24E68AED005CDA57 /* tic-tac-toe game.app */ = {isa = PBXFileReference; explicitFileType = wrapper.application; includeInIndex = 0; path = "tic-tac-toe game.app"; sourceTree = BUILT_PRODUCTS_DIR; };
		746B978124E68AED005CDA57 /* AppDelegate.swift */ = {isa = PBXFileReference; lastKnownFileType = sourcecode.swift; path = AppDelegate.swift; sourceTree = "<group>"; };
		746B978324E68AED005CDA57 /* SceneDelegate.swift */ = {isa = PBXFileReference; lastKnownFileType = sourcecode.swift; path = SceneDelegate.swift; sourceTree = "<group>"; };
		746B978824E68AED005CDA57 /* Base */ = {isa = PBXFileReference; lastKnownFileType = file.storyboard; name = Base; path = Base.lproj/Main.storyboard; sourceTree = "<group>"; };
		746B978A24E68AF2005CDA57 /* Assets.xcassets */ = {isa = PBXFileReference; lastKnownFileType = folder.assetcatalog; path = Assets.xcassets; sourceTree = "<group>"; };
		746B978D24E68AF2005CDA57 /* Base */ = {isa = PBXFileReference; lastKnownFileType = file.storyboard; name = Base; path = Base.lproj/LaunchScreen.storyboard; sourceTree = "<group>"; };
		746B978F24E68AF2005CDA57 /* Info.plist */ = {isa = PBXFileReference; lastKnownFileType = text.plist.xml; path = Info.plist; sourceTree = "<group>"; };
		746B979524E6B0CC005CDA57 /* GoogleService-Info.plist */ = {isa = PBXFileReference; fileEncoding = 4; lastKnownFileType = text.plist.xml; path = "GoogleService-Info.plist"; sourceTree = "<group>"; };
		74DAD12C24E7774900717FFA /* Constants.swift */ = {isa = PBXFileReference; lastKnownFileType = sourcecode.swift; path = Constants.swift; sourceTree = "<group>"; };
		74DAD13124E7D58C00717FFA /* MenuViewController.swift */ = {isa = PBXFileReference; lastKnownFileType = sourcecode.swift; path = MenuViewController.swift; sourceTree = "<group>"; };
		74DAD13324E7D62900717FFA /* LoginViewController.swift */ = {isa = PBXFileReference; lastKnownFileType = sourcecode.swift; path = LoginViewController.swift; sourceTree = "<group>"; };
		74DAD13524E7D63900717FFA /* RegisterViewController.swift */ = {isa = PBXFileReference; lastKnownFileType = sourcecode.swift; path = RegisterViewController.swift; sourceTree = "<group>"; };
		74DAD13724E7D64B00717FFA /* HomeViewController.swift */ = {isa = PBXFileReference; lastKnownFileType = sourcecode.swift; path = HomeViewController.swift; sourceTree = "<group>"; };
		74DAD13924E7D65E00717FFA /* GameScreenViewController.swift */ = {isa = PBXFileReference; lastKnownFileType = sourcecode.swift; path = GameScreenViewController.swift; sourceTree = "<group>"; };
		878160CDE0D52E13F892E9D6 /* Pods-tic-tac-toe game.release.xcconfig */ = {isa = PBXFileReference; includeInIndex = 1; lastKnownFileType = text.xcconfig; name = "Pods-tic-tac-toe game.release.xcconfig"; path = "Target Support Files/Pods-tic-tac-toe game/Pods-tic-tac-toe game.release.xcconfig"; sourceTree = "<group>"; };
		AC46191A7CBF34CBE6F94722 /* Pods_tic_tac_toe_game.framework */ = {isa = PBXFileReference; explicitFileType = wrapper.framework; includeInIndex = 0; path = Pods_tic_tac_toe_game.framework; sourceTree = BUILT_PRODUCTS_DIR; };
/* End PBXFileReference section */

/* Begin PBXFrameworksBuildPhase section */
		746B977B24E68AED005CDA57 /* Frameworks */ = {
			isa = PBXFrameworksBuildPhase;
			buildActionMask = 2147483647;
			files = (
				244DA4D5ABE446A4D52FC8B0 /* Pods_tic_tac_toe_game.framework in Frameworks */,
			);
			runOnlyForDeploymentPostprocessing = 0;
		};
/* End PBXFrameworksBuildPhase section */

/* Begin PBXGroup section */
		7416D45824E93FE6007EBE2F /* CustomViews */ = {
			isa = PBXGroup;
			children = (
				7416D45924E9400C007EBE2F /* Background.swift */,
				7416D45B24EACA5C007EBE2F /* CustomButton.swift */,
				7416D45D24EAD458007EBE2F /* CustomTextFeild.swift */,
			);
			path = CustomViews;
			sourceTree = "<group>";
		};
		746B977524E68AED005CDA57 = {
			isa = PBXGroup;
			children = (
				746B978024E68AED005CDA57 /* tic-tac-toe game */,
				746B977F24E68AED005CDA57 /* Products */,
				84F0CD3440B2EFB2CAD93A1D /* Pods */,
				BE7F23BDA41F35527A9A83C1 /* Frameworks */,
			);
			sourceTree = "<group>";
		};
		746B977F24E68AED005CDA57 /* Products */ = {
			isa = PBXGroup;
			children = (
				746B977E24E68AED005CDA57 /* tic-tac-toe game.app */,
			);
			name = Products;
			sourceTree = "<group>";
		};
		746B978024E68AED005CDA57 /* tic-tac-toe game */ = {
			isa = PBXGroup;
			children = (
				74DAD12E24E7D51900717FFA /* Model */,
				74DAD12F24E7D52500717FFA /* View */,
				74DAD13024E7D54100717FFA /* Controller */,
				746B978124E68AED005CDA57 /* AppDelegate.swift */,
				746B978324E68AED005CDA57 /* SceneDelegate.swift */,
				746B978A24E68AF2005CDA57 /* Assets.xcassets */,
				746B978C24E68AF2005CDA57 /* LaunchScreen.storyboard */,
				746B978F24E68AF2005CDA57 /* Info.plist */,
				746B979524E6B0CC005CDA57 /* GoogleService-Info.plist */,
				74DAD12C24E7774900717FFA /* Constants.swift */,
			);
			path = "tic-tac-toe game";
			sourceTree = "<group>";
		};
		74DAD12E24E7D51900717FFA /* Model */ = {
			isa = PBXGroup;
			children = (
				7416D45624E91313007EBE2F /* Player.swift */,
			);
			path = Model;
			sourceTree = "<group>";
		};
		74DAD12F24E7D52500717FFA /* View */ = {
			isa = PBXGroup;
			children = (
				7416D45824E93FE6007EBE2F /* CustomViews */,
				746B978724E68AED005CDA57 /* Main.storyboard */,
			);
			path = View;
			sourceTree = "<group>";
		};
		74DAD13024E7D54100717FFA /* Controller */ = {
			isa = PBXGroup;
			children = (
				74DAD13124E7D58C00717FFA /* MenuViewController.swift */,
				74DAD13324E7D62900717FFA /* LoginViewController.swift */,
				74DAD13524E7D63900717FFA /* RegisterViewController.swift */,
				74DAD13724E7D64B00717FFA /* HomeViewController.swift */,
				74DAD13924E7D65E00717FFA /* GameScreenViewController.swift */,
			);
			path = Controller;
			sourceTree = "<group>";
		};
		84F0CD3440B2EFB2CAD93A1D /* Pods */ = {
			isa = PBXGroup;
			children = (
				3A693D95521DF83B0C02BCEE /* Pods-tic-tac-toe game.debug.xcconfig */,
				878160CDE0D52E13F892E9D6 /* Pods-tic-tac-toe game.release.xcconfig */,
			);
			path = Pods;
			sourceTree = "<group>";
		};
		BE7F23BDA41F35527A9A83C1 /* Frameworks */ = {
			isa = PBXGroup;
			children = (
				AC46191A7CBF34CBE6F94722 /* Pods_tic_tac_toe_game.framework */,
			);
			name = Frameworks;
			sourceTree = "<group>";
		};
/* End PBXGroup section */

/* Begin PBXNativeTarget section */
		746B977D24E68AED005CDA57 /* tic-tac-toe game */ = {
			isa = PBXNativeTarget;
			buildConfigurationList = 746B979224E68AF2005CDA57 /* Build configuration list for PBXNativeTarget "tic-tac-toe game" */;
			buildPhases = (
				D15C0D93E476178F230905E2 /* [CP] Check Pods Manifest.lock */,
				746B977A24E68AED005CDA57 /* Sources */,
				746B977B24E68AED005CDA57 /* Frameworks */,
				746B977C24E68AED005CDA57 /* Resources */,
				5E1CA9214C4269EA9B501A79 /* [CP] Embed Pods Frameworks */,
			);
			buildRules = (
			);
			dependencies = (
			);
			name = "tic-tac-toe game";
			productName = "tic-tac-toe game";
			productReference = 746B977E24E68AED005CDA57 /* tic-tac-toe game.app */;
			productType = "com.apple.product-type.application";
		};
/* End PBXNativeTarget section */

/* Begin PBXProject section */
		746B977624E68AED005CDA57 /* Project object */ = {
			isa = PBXProject;
			attributes = {
				LastSwiftUpdateCheck = 1140;
				LastUpgradeCheck = 1140;
				ORGANIZATIONNAME = "Yuya Harada";
				TargetAttributes = {
					746B977D24E68AED005CDA57 = {
						CreatedOnToolsVersion = 11.4.1;
					};
				};
			};
			buildConfigurationList = 746B977924E68AED005CDA57 /* Build configuration list for PBXProject "tic-tac-toe game" */;
			compatibilityVersion = "Xcode 9.3";
			developmentRegion = en;
			hasScannedForEncodings = 0;
			knownRegions = (
				en,
				Base,
			);
			mainGroup = 746B977524E68AED005CDA57;
			productRefGroup = 746B977F24E68AED005CDA57 /* Products */;
			projectDirPath = "";
			projectRoot = "";
			targets = (
				746B977D24E68AED005CDA57 /* tic-tac-toe game */,
			);
		};
/* End PBXProject section */

/* Begin PBXResourcesBuildPhase section */
		746B977C24E68AED005CDA57 /* Resources */ = {
			isa = PBXResourcesBuildPhase;
			buildActionMask = 2147483647;
			files = (
				746B978E24E68AF2005CDA57 /* LaunchScreen.storyboard in Resources */,
				746B979624E6B0CC005CDA57 /* GoogleService-Info.plist in Resources */,
				746B978B24E68AF2005CDA57 /* Assets.xcassets in Resources */,
				746B978924E68AED005CDA57 /* Main.storyboard in Resources */,
			);
			runOnlyForDeploymentPostprocessing = 0;
		};
/* End PBXResourcesBuildPhase section */

/* Begin PBXShellScriptBuildPhase section */
		5E1CA9214C4269EA9B501A79 /* [CP] Embed Pods Frameworks */ = {
			isa = PBXShellScriptBuildPhase;
			buildActionMask = 2147483647;
			files = (
			);
			inputFileListPaths = (
				"${PODS_ROOT}/Target Support Files/Pods-tic-tac-toe game/Pods-tic-tac-toe game-frameworks-${CONFIGURATION}-input-files.xcfilelist",
			);
			name = "[CP] Embed Pods Frameworks";
			outputFileListPaths = (
				"${PODS_ROOT}/Target Support Files/Pods-tic-tac-toe game/Pods-tic-tac-toe game-frameworks-${CONFIGURATION}-output-files.xcfilelist",
			);
			runOnlyForDeploymentPostprocessing = 0;
			shellPath = /bin/sh;
			shellScript = "\"${PODS_ROOT}/Target Support Files/Pods-tic-tac-toe game/Pods-tic-tac-toe game-frameworks.sh\"\n";
			showEnvVarsInLog = 0;
		};
		D15C0D93E476178F230905E2 /* [CP] Check Pods Manifest.lock */ = {
			isa = PBXShellScriptBuildPhase;
			buildActionMask = 2147483647;
			files = (
			);
			inputFileListPaths = (
			);
			inputPaths = (
				"${PODS_PODFILE_DIR_PATH}/Podfile.lock",
				"${PODS_ROOT}/Manifest.lock",
			);
			name = "[CP] Check Pods Manifest.lock";
			outputFileListPaths = (
			);
			outputPaths = (
				"$(DERIVED_FILE_DIR)/Pods-tic-tac-toe game-checkManifestLockResult.txt",
			);
			runOnlyForDeploymentPostprocessing = 0;
			shellPath = /bin/sh;
			shellScript = "diff \"${PODS_PODFILE_DIR_PATH}/Podfile.lock\" \"${PODS_ROOT}/Manifest.lock\" > /dev/null\nif [ $? != 0 ] ; then\n    # print error to STDERR\n    echo \"error: The sandbox is not in sync with the Podfile.lock. Run 'pod install' or update your CocoaPods installation.\" >&2\n    exit 1\nfi\n# This output is used by Xcode 'outputs' to avoid re-running this script phase.\necho \"SUCCESS\" > \"${SCRIPT_OUTPUT_FILE_0}\"\n";
			showEnvVarsInLog = 0;
		};
/* End PBXShellScriptBuildPhase section */

/* Begin PBXSourcesBuildPhase section */
		746B977A24E68AED005CDA57 /* Sources */ = {
			isa = PBXSourcesBuildPhase;
			buildActionMask = 2147483647;
			files = (
				74DAD13624E7D63900717FFA /* RegisterViewController.swift in Sources */,
				746B978224E68AED005CDA57 /* AppDelegate.swift in Sources */,
				7416D45E24EAD458007EBE2F /* CustomTextFeild.swift in Sources */,
				74DAD13A24E7D65E00717FFA /* GameScreenViewController.swift in Sources */,
				746B978424E68AED005CDA57 /* SceneDelegate.swift in Sources */,
				74DAD12D24E7774900717FFA /* Constants.swift in Sources */,
				74DAD13424E7D62900717FFA /* LoginViewController.swift in Sources */,
				74DAD13824E7D64B00717FFA /* HomeViewController.swift in Sources */,
				7416D45C24EACA5C007EBE2F /* CustomButton.swift in Sources */,
				7416D45724E91313007EBE2F /* Player.swift in Sources */,
				74DAD13224E7D58C00717FFA /* MenuViewController.swift in Sources */,
				7416D45A24E9400C007EBE2F /* Background.swift in Sources */,
			);
			runOnlyForDeploymentPostprocessing = 0;
		};
/* End PBXSourcesBuildPhase section */

/* Begin PBXVariantGroup section */
		746B978724E68AED005CDA57 /* Main.storyboard */ = {
			isa = PBXVariantGroup;
			children = (
				746B978824E68AED005CDA57 /* Base */,
			);
			name = Main.storyboard;
			sourceTree = "<group>";
		};
		746B978C24E68AF2005CDA57 /* LaunchScreen.storyboard */ = {
			isa = PBXVariantGroup;
			children = (
				746B978D24E68AF2005CDA57 /* Base */,
			);
			name = LaunchScreen.storyboard;
			sourceTree = "<group>";
		};
/* End PBXVariantGroup section */

/* Begin XCBuildConfiguration section */
		746B979024E68AF2005CDA57 /* Debug */ = {
			isa = XCBuildConfiguration;
			buildSettings = {
				ALWAYS_SEARCH_USER_PATHS = NO;
				CLANG_ANALYZER_NONNULL = YES;
				CLANG_ANALYZER_NUMBER_OBJECT_CONVERSION = YES_AGGRESSIVE;
				CLANG_CXX_LANGUAGE_STANDARD = "gnu++14";
				CLANG_CXX_LIBRARY = "libc++";
				CLANG_ENABLE_MODULES = YES;
				CLANG_ENABLE_OBJC_ARC = YES;
				CLANG_ENABLE_OBJC_WEAK = YES;
				CLANG_WARN_BLOCK_CAPTURE_AUTORELEASING = YES;
				CLANG_WARN_BOOL_CONVERSION = YES;
				CLANG_WARN_COMMA = YES;
				CLANG_WARN_CONSTANT_CONVERSION = YES;
				CLANG_WARN_DEPRECATED_OBJC_IMPLEMENTATIONS = YES;
				CLANG_WARN_DIRECT_OBJC_ISA_USAGE = YES_ERROR;
				CLANG_WARN_DOCUMENTATION_COMMENTS = YES;
				CLANG_WARN_EMPTY_BODY = YES;
				CLANG_WARN_ENUM_CONVERSION = YES;
				CLANG_WARN_INFINITE_RECURSION = YES;
				CLANG_WARN_INT_CONVERSION = YES;
				CLANG_WARN_NON_LITERAL_NULL_CONVERSION = YES;
				CLANG_WARN_OBJC_IMPLICIT_RETAIN_SELF = YES;
				CLANG_WARN_OBJC_LITERAL_CONVERSION = YES;
				CLANG_WARN_OBJC_ROOT_CLASS = YES_ERROR;
				CLANG_WARN_RANGE_LOOP_ANALYSIS = YES;
				CLANG_WARN_STRICT_PROTOTYPES = YES;
				CLANG_WARN_SUSPICIOUS_MOVE = YES;
				CLANG_WARN_UNGUARDED_AVAILABILITY = YES_AGGRESSIVE;
				CLANG_WARN_UNREACHABLE_CODE = YES;
				CLANG_WARN__DUPLICATE_METHOD_MATCH = YES;
				COPY_PHASE_STRIP = NO;
				DEBUG_INFORMATION_FORMAT = dwarf;
				ENABLE_STRICT_OBJC_MSGSEND = YES;
				ENABLE_TESTABILITY = YES;
				GCC_C_LANGUAGE_STANDARD = gnu11;
				GCC_DYNAMIC_NO_PIC = NO;
				GCC_NO_COMMON_BLOCKS = YES;
				GCC_OPTIMIZATION_LEVEL = 0;
				GCC_PREPROCESSOR_DEFINITIONS = (
					"DEBUG=1",
					"$(inherited)",
				);
				GCC_WARN_64_TO_32_BIT_CONVERSION = YES;
				GCC_WARN_ABOUT_RETURN_TYPE = YES_ERROR;
				GCC_WARN_UNDECLARED_SELECTOR = YES;
				GCC_WARN_UNINITIALIZED_AUTOS = YES_AGGRESSIVE;
				GCC_WARN_UNUSED_FUNCTION = YES;
				GCC_WARN_UNUSED_VARIABLE = YES;
				IPHONEOS_DEPLOYMENT_TARGET = 13.4;
				MTL_ENABLE_DEBUG_INFO = INCLUDE_SOURCE;
				MTL_FAST_MATH = YES;
				ONLY_ACTIVE_ARCH = YES;
				SDKROOT = iphoneos;
				SWIFT_ACTIVE_COMPILATION_CONDITIONS = DEBUG;
				SWIFT_OPTIMIZATION_LEVEL = "-Onone";
			};
			name = Debug;
		};
		746B979124E68AF2005CDA57 /* Release */ = {
			isa = XCBuildConfiguration;
			buildSettings = {
				ALWAYS_SEARCH_USER_PATHS = NO;
				CLANG_ANALYZER_NONNULL = YES;
				CLANG_ANALYZER_NUMBER_OBJECT_CONVERSION = YES_AGGRESSIVE;
				CLANG_CXX_LANGUAGE_STANDARD = "gnu++14";
				CLANG_CXX_LIBRARY = "libc++";
				CLANG_ENABLE_MODULES = YES;
				CLANG_ENABLE_OBJC_ARC = YES;
				CLANG_ENABLE_OBJC_WEAK = YES;
				CLANG_WARN_BLOCK_CAPTURE_AUTORELEASING = YES;
				CLANG_WARN_BOOL_CONVERSION = YES;
				CLANG_WARN_COMMA = YES;
				CLANG_WARN_CONSTANT_CONVERSION = YES;
				CLANG_WARN_DEPRECATED_OBJC_IMPLEMENTATIONS = YES;
				CLANG_WARN_DIRECT_OBJC_ISA_USAGE = YES_ERROR;
				CLANG_WARN_DOCUMENTATION_COMMENTS = YES;
				CLANG_WARN_EMPTY_BODY = YES;
				CLANG_WARN_ENUM_CONVERSION = YES;
				CLANG_WARN_INFINITE_RECURSION = YES;
				CLANG_WARN_INT_CONVERSION = YES;
				CLANG_WARN_NON_LITERAL_NULL_CONVERSION = YES;
				CLANG_WARN_OBJC_IMPLICIT_RETAIN_SELF = YES;
				CLANG_WARN_OBJC_LITERAL_CONVERSION = YES;
				CLANG_WARN_OBJC_ROOT_CLASS = YES_ERROR;
				CLANG_WARN_RANGE_LOOP_ANALYSIS = YES;
				CLANG_WARN_STRICT_PROTOTYPES = YES;
				CLANG_WARN_SUSPICIOUS_MOVE = YES;
				CLANG_WARN_UNGUARDED_AVAILABILITY = YES_AGGRESSIVE;
				CLANG_WARN_UNREACHABLE_CODE = YES;
				CLANG_WARN__DUPLICATE_METHOD_MATCH = YES;
				COPY_PHASE_STRIP = NO;
				DEBUG_INFORMATION_FORMAT = "dwarf-with-dsym";
				ENABLE_NS_ASSERTIONS = NO;
				ENABLE_STRICT_OBJC_MSGSEND = YES;
				GCC_C_LANGUAGE_STANDARD = gnu11;
				GCC_NO_COMMON_BLOCKS = YES;
				GCC_WARN_64_TO_32_BIT_CONVERSION = YES;
				GCC_WARN_ABOUT_RETURN_TYPE = YES_ERROR;
				GCC_WARN_UNDECLARED_SELECTOR = YES;
				GCC_WARN_UNINITIALIZED_AUTOS = YES_AGGRESSIVE;
				GCC_WARN_UNUSED_FUNCTION = YES;
				GCC_WARN_UNUSED_VARIABLE = YES;
				IPHONEOS_DEPLOYMENT_TARGET = 13.4;
				MTL_ENABLE_DEBUG_INFO = NO;
				MTL_FAST_MATH = YES;
				SDKROOT = iphoneos;
				SWIFT_COMPILATION_MODE = wholemodule;
				SWIFT_OPTIMIZATION_LEVEL = "-O";
				VALIDATE_PRODUCT = YES;
			};
			name = Release;
		};
		746B979324E68AF2005CDA57 /* Debug */ = {
			isa = XCBuildConfiguration;
			baseConfigurationReference = 3A693D95521DF83B0C02BCEE /* Pods-tic-tac-toe game.debug.xcconfig */;
			buildSettings = {
				ASSETCATALOG_COMPILER_APPICON_NAME = AppIcon;
				CODE_SIGN_STYLE = Automatic;
				DEVELOPMENT_TEAM = QH2TRFJ5GF;
				INFOPLIST_FILE = "tic-tac-toe game/Info.plist";
				LD_RUNPATH_SEARCH_PATHS = (
					"$(inherited)",
					"@executable_path/Frameworks",
				);
				PRODUCT_BUNDLE_IDENTIFIER = "com.yuyaharada.tic-tac-toe-game";
				PRODUCT_NAME = "$(TARGET_NAME)";
				SWIFT_VERSION = 5.0;
				TARGETED_DEVICE_FAMILY = 1;
			};
			name = Debug;
		};
		746B979424E68AF2005CDA57 /* Release */ = {
			isa = XCBuildConfiguration;
			baseConfigurationReference = 878160CDE0D52E13F892E9D6 /* Pods-tic-tac-toe game.release.xcconfig */;
			buildSettings = {
				ASSETCATALOG_COMPILER_APPICON_NAME = AppIcon;
				CODE_SIGN_STYLE = Automatic;
				DEVELOPMENT_TEAM = QH2TRFJ5GF;
				INFOPLIST_FILE = "tic-tac-toe game/Info.plist";
				LD_RUNPATH_SEARCH_PATHS = (
					"$(inherited)",
					"@executable_path/Frameworks",
				);
				PRODUCT_BUNDLE_IDENTIFIER = "com.yuyaharada.tic-tac-toe-game";
				PRODUCT_NAME = "$(TARGET_NAME)";
				SWIFT_VERSION = 5.0;
				TARGETED_DEVICE_FAMILY = 1;
			};
			name = Release;
		};
/* End XCBuildConfiguration section */

/* Begin XCConfigurationList section */
		746B977924E68AED005CDA57 /* Build configuration list for PBXProject "tic-tac-toe game" */ = {
			isa = XCConfigurationList;
			buildConfigurations = (
				746B979024E68AF2005CDA57 /* Debug */,
				746B979124E68AF2005CDA57 /* Release */,
			);
			defaultConfigurationIsVisible = 0;
			defaultConfigurationName = Release;
		};
		746B979224E68AF2005CDA57 /* Build configuration list for PBXNativeTarget "tic-tac-toe game" */ = {
			isa = XCConfigurationList;
			buildConfigurations = (
				746B979324E68AF2005CDA57 /* Debug */,
				746B979424E68AF2005CDA57 /* Release */,
			);
			defaultConfigurationIsVisible = 0;
			defaultConfigurationName = Release;
		};
/* End XCConfigurationList section */
	};
	rootObject = 746B977624E68AED005CDA57 /* Project object */;
}
